
Microsoft Visual Studio Solution File, Format Version 12.00
# Visual Studio Version 16
VisualStudioVersion = 16.0.28803.452
MinimumVisualStudioVersion = 10.0.40219.1
Project("{FAE04EC0-301F-11D3-BF4B-00C04F79EFBC}") = "Lib", "Lib\Lib.csproj", "{F82D94F7-E15C-4E50-B4AB-56C520F7EC76}"
EndProject
Project("{FAE04EC0-301F-11D3-BF4B-00C04F79EFBC}") = "GUIv2", "GUIv2\GUIv2.csproj", "{BAA57D39-972D-414E-9445-7E37D8F77A89}"
EndProject
Global
	GlobalSection(SolutionConfigurationPlatforms) = preSolution
		Debug|Any CPU = Debug|Any CPU
		Release|Any CPU = Release|Any CPU
	EndGlobalSection
	GlobalSection(ProjectConfigurationPlatforms) = postSolution
		{F82D94F7-E15C-4E50-B4AB-56C520F7EC76}.Debug|Any CPU.ActiveCfg = Debug|Any CPU
		{F82D94F7-E15C-4E50-B4AB-56C520F7EC76}.Debug|Any CPU.Build.0 = Debug|Any CPU
		{F82D94F7-E15C-4E50-B4AB-56C520F7EC76}.Release|Any CPU.ActiveCfg = Release|Any CPU
		{F82D94F7-E15C-4E50-B4AB-56C520F7EC76}.Release|Any CPU.Build.0 = Release|Any CPU
		{BAA57D39-972D-414E-9445-7E37D8F77A89}.Debug|Any CPU.ActiveCfg = Debug|Any CPU
		{BAA57D39-972D-414E-9445-7E37D8F77A89}.Debug|Any CPU.Build.0 = Debug|Any CPU
		{BAA57D39-972D-414E-9445-7E37D8F77A89}.Release|Any CPU.ActiveCfg = Release|Any CPU
		{BAA57D39-972D-414E-9445-7E37D8F77A89}.Release|Any CPU.Build.0 = Release|Any CPU
	EndGlobalSection
	GlobalSection(SolutionProperties) = preSolution
		HideSolutionNode = FALSE
	EndGlobalSection
	GlobalSection(ExtensibilityGlobals) = postSolution
		SolutionGuid = {FA54A9E7-946D-4365-87C7-38B6FE6AA93A}
	EndGlobalSection
EndGlobal
